{
  "name": "superpowers-game-default-typescript-plugin",
  "version": "1.0.0",
  "lockfileVersion": 1,
  "requires": true,
  "dependencies": {
    "fuzzy": {
      "version": "0.1.1",
      "resolved": "https://registry.npmjs.org/fuzzy/-/fuzzy-0.1.1.tgz",
      "integrity": "sha1-vlqhStcZiaGWTo5SCX4aa5ahbho="
    },
    "highlight.js": {
      "version": "9.9.0",
      "resolved": "https://registry.npmjs.org/highlight.js/-/highlight.js-9.9.0.tgz",
      "integrity": "sha1-uZldz9wnc+MHo08EYNkrmkdHgsA="
    },
    "operational-transform": {
      "version": "0.2.3",
      "resolved": "https://registry.npmjs.org/operational-transform/-/operational-transform-0.2.3.tgz",
      "integrity": "sha1-zzJ3QxK0u5pGR465Sfpqyq3V1Ag=",
      "dev": true
    }
  }
}
