{
  "name": "superpowers-game-extra-tweenjs-plugin",
  "version": "1.0.0",
  "lockfileVersion": 2,
  "requires": true,
  "packages": {
    "": {
      "name": "superpowers-game-extra-tweenjs-plugin",
      "version": "1.0.0",
      "license": "ISC",
      "dependencies": {
        "tween.js": "^0.14.0"
      }
    },
    "node_modules/tween.js": {
      "version": "0.14.0",
      "resolved": "https://registry.npmjs.org/tween.js/-/tween.js-0.14.0.tgz",
      "integrity": "sha1-It8r1AlH40IZAbn9CRv6Q4KeJmg="
    }
  },
  "dependencies": {
    "tween.js": {
      "version": "0.14.0",
      "resolved": "https://registry.npmjs.org/tween.js/-/tween.js-0.14.0.tgz",
      "integrity": "sha1-It8r1AlH40IZAbn9CRv6Q4KeJmg="
    }
  }
}
