{
  "name": "superpowers-game-default-shader-plugin",
  "version": "1.0.0",
  "lockfileVersion": 2,
  "requires": true,
  "packages": {
    "": {
      "name": "superpowers-game-default-shader-plugin",
      "version": "1.0.0",
      "license": "ISC",
      "dependencies": {
        "operational-transform": "^0.2.3"
      }
    },
    "node_modules/operational-transform": {
      "version": "0.2.3",
      "resolved": "https://registry.npmjs.org/operational-transform/-/operational-transform-0.2.3.tgz",
      "integrity": "sha1-zzJ3QxK0u5pGR465Sfpqyq3V1Ag="
    }
  },
  "dependencies": {
    "operational-transform": {
      "version": "0.2.3",
      "resolved": "https://registry.npmjs.org/operational-transform/-/operational-transform-0.2.3.tgz",
      "integrity": "sha1-zzJ3QxK0u5pGR465Sfpqyq3V1Ag="
    }
  }
}
